{
  "name": "gren-compiler-library",
  "version": "0.4.4",
  "lockfileVersion": 3,
  "requires": true,
  "packages": {
    "": {
      "name": "gren-compiler-library",
      "version": "0.4.4",
      "license": "BSD-3-Clause",
      "dependencies": {
        "gren-lang": "0.4.4"
      },
      "devDependencies": {
        "prettier": "^2.8.0"
      }
    },
    "node_modules/gren-lang": {
      "version": "0.4.4",
      "resolved": "https://registry.npmjs.org/gren-lang/-/gren-lang-0.4.4.tgz",
      "integrity": "sha512-TdHMiKhmc/kw9ER3C34PD8kG5BlaoVX9agvd5uwd6l2IBaERrIOb7Ge6S2gu2kNiaKIlkR+NQNlugGGa8bhLUQ==",
      "bin": {
        "gren": "index.js"
      }
    },
    "node_modules/prettier": {
      "version": "2.8.8",
      "resolved": "https://registry.npmjs.org/prettier/-/prettier-2.8.8.tgz",
      "integrity": "sha512-tdN8qQGvNjw4CHbY+XXk0JgCXn9QiF21a55rBe5LJAU+kDyC4WQn4+awm2Xfk2lQMk5fKup9XgzTZtGkjBdP9Q==",
      "dev": true,
      "bin": {
        "prettier": "bin-prettier.js"
      },
      "engines": {
        "node": ">=10.13.0"
      },
      "funding": {
        "url": "https://github.com/prettier/prettier?sponsor=1"
      }
    }
  }
}
